
Microsoft Visual Studio Solution File, Format Version 12.00
# Visual Studio Version 16
VisualStudioVersion = 16.0.31424.327
MinimumVisualStudioVersion = 10.0.40219.1
Project("{FAE04EC0-301F-11D3-BF4B-00C04F79EFBC}") = "project2", "prject2\project2.csproj", "{512BF778-C570-4954-9BA4-1732A362AD3C}"
EndProject
Project("{2150E333-8FDC-42A3-9474-1A3956D46DE8}") = "Solution Items", "Solution Items", "{2CA6FD15-6422-4375-AA1B-9A8E087C7BF6}"
EndProject
Global
	GlobalSection(SolutionConfigurationPlatforms) = preSolution
		Debug|Any CPU = Debug|Any CPU
		Release|Any CPU = Release|Any CPU
	EndGlobalSection
	GlobalSection(ProjectConfigurationPlatforms) = postSolution
		{512BF778-C570-4954-9BA4-1732A362AD3C}.Debug|Any CPU.ActiveCfg = Debug|Any CPU
		{512BF778-C570-4954-9BA4-1732A362AD3C}.Debug|Any CPU.Build.0 = Debug|Any CPU
		{512BF778-C570-4954-9BA4-1732A362AD3C}.Release|Any CPU.ActiveCfg = Release|Any CPU
		{512BF778-C570-4954-9BA4-1732A362AD3C}.Release|Any CPU.Build.0 = Release|Any CPU
	EndGlobalSection
	GlobalSection(SolutionProperties) = preSolution
		HideSolutionNode = FALSE
	EndGlobalSection
	GlobalSection(ExtensibilityGlobals) = postSolution
		SolutionGuid = {7AED475B-3638-441C-BAA9-B272DCFA3773}
	EndGlobalSection
EndGlobal
